
Microsoft Visual Studio Solution File, Format Version 12.00
# Visual Studio Version 16
VisualStudioVersion = 16.0.810.16
MinimumVisualStudioVersion = 10.0.40219.1
Project("{FAE04EC0-301F-11D3-BF4B-00C04F79EFBC}") = "Mission12", "Mission12\Mission12.csproj", "{C982CBD9-F593-453B-80C4-080AB23B1254}"
EndProject
Global
	GlobalSection(SolutionConfigurationPlatforms) = preSolution
		Debug|Any CPU = Debug|Any CPU
		Release|Any CPU = Release|Any CPU
	EndGlobalSection
	GlobalSection(ProjectConfigurationPlatforms) = postSolution
		{C982CBD9-F593-453B-80C4-080AB23B1254}.Debug|Any CPU.ActiveCfg = Debug|Any CPU
		{C982CBD9-F593-453B-80C4-080AB23B1254}.Debug|Any CPU.Build.0 = Debug|Any CPU
		{C982CBD9-F593-453B-80C4-080AB23B1254}.Release|Any CPU.ActiveCfg = Release|Any CPU
		{C982CBD9-F593-453B-80C4-080AB23B1254}.Release|Any CPU.Build.0 = Release|Any CPU
	EndGlobalSection
	GlobalSection(SolutionProperties) = preSolution
		HideSolutionNode = FALSE
	EndGlobalSection
	GlobalSection(ExtensibilityGlobals) = postSolution
		SolutionGuid = {640D6399-D07F-4D28-853A-28A1DAACA978}
	EndGlobalSection
EndGlobal
